{
  "version": 4,
  "terraform_version": "1.12.1",
  "serial": 18,
  "lineage": "b3ed6772-73bf-265a-1ba0-01f1c6c84b13",
  "outputs": {},
  "resources": [
    {
      "module": "module.component[\"cart\"]",
      "mode": "data",
      "type": "aws_ami",
      "name": "joindevops",
      "provider": "provider[\"registry.terraform.io/hashicorp/aws\"]",
      "instances": [
        {
          "schema_version": 0,
          "attributes": {
            "architecture": "x86_64",
            "arn": "arn:aws:ec2:us-east-1::image/ami-09c813fb71547fc4f",
            "block_device_mappings": [
              {
                "device_name": "/dev/sda1",
                "ebs": {
                  "delete_on_termination": "true",
                  "encrypted": "false",
                  "iops": "3000",
                  "snapshot_id": "snap-0c5265d8b25057b9a",
                  "throughput": "125",
                  "volume_initialization_rate": "0",
                  "volume_size": "20",
                  "volume_type": "gp3"
                },
                "no_device": "",
                "virtual_name": ""
              }
            ],
            "boot_mode": "uefi-preferred",
            "creation_date": "2024-08-31T15:24:38.000Z",
            "deprecation_time": "2026-08-31T15:24:38.000Z",
            "description": "",
            "ena_support": true,
            "executable_users": null,
            "filter": [
              {
                "name": "name",
                "values": [
                  "RHEL-9-DevOps-Practice"
                ]
              },
              {
                "name": "root-device-type",
                "values": [
                  "ebs"
                ]
              },
              {
                "name": "virtualization-type",
                "values": [
                  "hvm"
                ]
              }
            ],
            "hypervisor": "xen",
            "id": "ami-09c813fb71547fc4f",
            "image_id": "ami-09c813fb71547fc4f",
            "image_location": "973714476881/RHEL-9-DevOps-Practice",
            "image_owner_alias": "",
            "image_type": "machine",
            "imds_support": "",
            "include_deprecated": false,
            "kernel_id": "",
            "last_launched_time": "",
            "most_recent": true,
            "name": "RHEL-9-DevOps-Practice",
            "name_regex": null,
            "owner_id": "973714476881",
            "owners": [
              "973714476881"
            ],
            "platform": "",
            "platform_details": "Red Hat Enterprise Linux",
            "product_codes": [],
            "public": true,
            "ramdisk_id": "",
            "root_device_name": "/dev/sda1",
            "root_device_type": "ebs",
            "root_snapshot_id": "snap-0c5265d8b25057b9a",
            "sriov_net_support": "simple",
            "state": "available",
            "state_reason": {
              "code": "UNSET",
              "message": "UNSET"
            },
            "tags": {},
            "timeouts": null,
            "tpm_support": "",
            "uefi_data": null,
            "usage_operation": "RunInstances:0010",
            "virtualization_type": "hvm"
          },
          "sensitive_attributes": [],
          "identity_schema_version": 0
        }
      ]
    },
    {
      "module": "module.component[\"cart\"]",
      "mode": "data",
      "type": "aws_ssm_parameter",
      "name": "backend_alb_listener_arn",
      "provider": "provider[\"registry.terraform.io/hashicorp/aws\"]",
      "instances": [
        {
          "schema_version": 0,
          "attributes": {
            "arn": "arn:aws:ssm:us-east-1:975391191302:parameter/roboshop/dev/backend_alb_listener_arn",
            "id": "/roboshop/dev/backend_alb_listener_arn",
            "insecure_value": "arn:aws:elasticloadbalancing:us-east-1:975391191302:listener/app/roboshop-dev-backend-alb/bbb89e45fe55968b/b093b8e0c06a13d1",
            "name": "/roboshop/dev/backend_alb_listener_arn",
            "type": "String",
            "value": "arn:aws:elasticloadbalancing:us-east-1:975391191302:listener/app/roboshop-dev-backend-alb/bbb89e45fe55968b/b093b8e0c06a13d1",
            "version": 1,
            "with_decryption": true
          },
          "sensitive_attributes": [
            [
              {
                "type": "get_attr",
                "value": "value"
              }
            ]
          ],
          "identity_schema_version": 0
        }
      ]
    },
    {
      "module": "module.component[\"cart\"]",
      "mode": "data",
      "type": "aws_ssm_parameter",
      "name": "frontend_alb_listener_arn",
      "provider": "provider[\"registry.terraform.io/hashicorp/aws\"]",
      "instances": [
        {
          "schema_version": 0,
          "attributes": {
            "arn": "arn:aws:ssm:us-east-1:975391191302:parameter/roboshop/dev/frontend_alb_listener_arn",
            "id": "/roboshop/dev/frontend_alb_listener_arn",
            "insecure_value": "arn:aws:elasticloadbalancing:us-east-1:975391191302:listener/app/roboshop-dev-frontend-alb/e1d8b1171f984f4d/47a909c4cf0b27bf",
            "name": "/roboshop/dev/frontend_alb_listener_arn",
            "type": "String",
            "value": "arn:aws:elasticloadbalancing:us-east-1:975391191302:listener/app/roboshop-dev-frontend-alb/e1d8b1171f984f4d/47a909c4cf0b27bf",
            "version": 1,
            "with_decryption": true
          },
          "sensitive_attributes": [
            [
              {
                "type": "get_attr",
                "value": "value"
              }
            ]
          ],
          "identity_schema_version": 0
        }
      ]
    },
    {
      "module": "module.component[\"cart\"]",
      "mode": "data",
      "type": "aws_ssm_parameter",
      "name": "private_subnet_ids",
      "provider": "provider[\"registry.terraform.io/hashicorp/aws\"]",
      "instances": [
        {
          "schema_version": 0,
          "attributes": {
            "arn": "arn:aws:ssm:us-east-1:975391191302:parameter/roboshop/dev/private_subnet_ids",
            "id": "/roboshop/dev/private_subnet_ids",
            "insecure_value": "subnet-006ff7984ef90326d,subnet-036604a5160211017",
            "name": "/roboshop/dev/private_subnet_ids",
            "type": "StringList",
            "value": "subnet-006ff7984ef90326d,subnet-036604a5160211017",
            "version": 1,
            "with_decryption": true
          },
          "sensitive_attributes": [
            [
              {
                "type": "get_attr",
                "value": "value"
              }
            ]
          ],
          "identity_schema_version": 0
        }
      ]
    },
    {
      "module": "module.component[\"cart\"]",
      "mode": "data",
      "type": "aws_ssm_parameter",
      "name": "sg_id",
      "provider": "provider[\"registry.terraform.io/hashicorp/aws\"]",
      "instances": [
        {
          "schema_version": 0,
          "attributes": {
            "arn": "arn:aws:ssm:us-east-1:975391191302:parameter/roboshop/dev/cart_sg_id",
            "id": "/roboshop/dev/cart_sg_id",
            "insecure_value": "sg-0b5bd09f63f138191",
            "name": "/roboshop/dev/cart_sg_id",
            "type": "String",
            "value": "sg-0b5bd09f63f138191",
            "version": 1,
            "with_decryption": true
          },
          "sensitive_attributes": [
            [
              {
                "type": "get_attr",
                "value": "value"
              }
            ]
          ],
          "identity_schema_version": 0
        }
      ]
    },
    {
      "module": "module.component[\"cart\"]",
      "mode": "data",
      "type": "aws_ssm_parameter",
      "name": "vpc_id",
      "provider": "provider[\"registry.terraform.io/hashicorp/aws\"]",
      "instances": [
        {
          "schema_version": 0,
          "attributes": {
            "arn": "arn:aws:ssm:us-east-1:975391191302:parameter/roboshop/dev/vpc_id",
            "id": "/roboshop/dev/vpc_id",
            "insecure_value": "vpc-03cddf8bef4310f2c",
            "name": "/roboshop/dev/vpc_id",
            "type": "String",
            "value": "vpc-03cddf8bef4310f2c",
            "version": 1,
            "with_decryption": true
          },
          "sensitive_attributes": [
            [
              {
                "type": "get_attr",
                "value": "value"
              }
            ]
          ],
          "identity_schema_version": 0
        }
      ]
    },
    {
      "module": "module.component[\"cart\"]",
      "mode": "managed",
      "type": "aws_launch_template",
      "name": "main",
      "provider": "provider[\"registry.terraform.io/hashicorp/aws\"]",
      "instances": [
        {
          "schema_version": 0,
          "attributes": {
            "arn": "arn:aws:ec2:us-east-1:975391191302:launch-template/lt-0160328a3a57e2e51",
            "block_device_mappings": [],
            "capacity_reservation_specification": [],
            "cpu_options": [],
            "credit_specification": [],
            "default_version": 1,
            "description": "",
            "disable_api_stop": false,
            "disable_api_termination": false,
            "ebs_optimized": "",
            "elastic_gpu_specifications": [],
            "elastic_inference_accelerator": [],
            "enclave_options": [],
            "hibernation_options": [],
            "iam_instance_profile": [],
            "id": "lt-0160328a3a57e2e51",
            "image_id": "ami-08bff62082c8ba9f1",
            "instance_initiated_shutdown_behavior": "terminate",
            "instance_market_options": [],
            "instance_requirements": [],
            "instance_type": "t3.micro",
            "kernel_id": "",
            "key_name": "",
            "latest_version": 1,
            "license_specification": [],
            "maintenance_options": [],
            "metadata_options": [],
            "monitoring": [],
            "name": "roboshop-dev-cart",
            "name_prefix": "",
            "network_interfaces": [],
            "placement": [],
            "private_dns_name_options": [],
            "ram_disk_id": "",
            "security_group_names": [],
            "tag_specifications": [
              {
                "resource_type": "instance",
                "tags": {
                  "Environment": "dev",
                  "Name": "roboshop-dev-cart",
                  "Project": "roboshop",
                  "Terraform": "true"
                }
              },
              {
                "resource_type": "volume",
                "tags": {
                  "Environment": "dev",
                  "Name": "roboshop-dev-cart",
                  "Project": "roboshop",
                  "Terraform": "true"
                }
              }
            ],
            "tags": {
              "Environment": "dev",
              "Name": "roboshop-dev-cart",
              "Project": "roboshop",
              "Terraform": "true"
            },
            "tags_all": {
              "Environment": "dev",
              "Name": "roboshop-dev-cart",
              "Project": "roboshop",
              "Terraform": "true"
            },
            "update_default_version": true,
            "user_data": "",
            "vpc_security_group_ids": [
              "sg-0b5bd09f63f138191"
            ]
          },
          "sensitive_attributes": [
            [
              {
                "type": "get_attr",
                "value": "vpc_security_group_ids"
              }
            ]
          ],
          "identity_schema_version": 0,
          "private": "bnVsbA==",
          "dependencies": [
            "module.component.aws_ami_from_instance.main",
            "module.component.aws_ec2_instance_state.main",
            "module.component.aws_instance.main",
            "module.component.data.aws_ami.joindevops",
            "module.component.data.aws_ssm_parameter.private_subnet_ids",
            "module.component.data.aws_ssm_parameter.sg_id",
            "module.component.terraform_data.main"
          ]
        }
      ]
    },
    {
      "module": "module.component[\"cart\"]",
      "mode": "managed",
      "type": "aws_lb_listener_rule",
      "name": "main",
      "provider": "provider[\"registry.terraform.io/hashicorp/aws\"]",
      "instances": [
        {
          "schema_version": 0,
          "attributes": {
            "action": [
              {
                "authenticate_cognito": [],
                "authenticate_oidc": [],
                "fixed_response": [],
                "forward": [],
                "order": 1,
                "redirect": [],
                "target_group_arn": "arn:aws:elasticloadbalancing:us-east-1:975391191302:targetgroup/roboshop-dev-cart/51d646f5c56cdb4a",
                "type": "forward"
              }
            ],
            "arn": "arn:aws:elasticloadbalancing:us-east-1:975391191302:listener-rule/app/roboshop-dev-backend-alb/bbb89e45fe55968b/b093b8e0c06a13d1/b07fbe0e6ebd9506",
            "condition": [
              {
                "host_header": [
                  {
                    "values": [
                      "cart.backend-dev.rameshaws.site"
                    ]
                  }
                ],
                "http_header": [],
                "http_request_method": [],
                "path_pattern": [],
                "query_string": [],
                "source_ip": []
              }
            ],
            "id": "arn:aws:elasticloadbalancing:us-east-1:975391191302:listener-rule/app/roboshop-dev-backend-alb/bbb89e45fe55968b/b093b8e0c06a13d1/b07fbe0e6ebd9506",
            "listener_arn": "arn:aws:elasticloadbalancing:us-east-1:975391191302:listener/app/roboshop-dev-backend-alb/bbb89e45fe55968b/b093b8e0c06a13d1",
            "priority": 30,
            "tags": {},
            "tags_all": {}
          },
          "sensitive_attributes": [
            [
              {
                "type": "get_attr",
                "value": "listener_arn"
              }
            ]
          ],
          "identity_schema_version": 0,
          "private": "bnVsbA==",
          "dependencies": [
            "module.component.aws_lb_target_group.main",
            "module.component.data.aws_ssm_parameter.backend_alb_listener_arn",
            "module.component.data.aws_ssm_parameter.frontend_alb_listener_arn",
            "module.component.data.aws_ssm_parameter.vpc_id"
          ]
        }
      ]
    },
    {
      "module": "module.component[\"cart\"]",
      "mode": "managed",
      "type": "aws_lb_target_group",
      "name": "main",
      "provider": "provider[\"registry.terraform.io/hashicorp/aws\"]",
      "instances": [
        {
          "schema_version": 0,
          "attributes": {
            "arn": "arn:aws:elasticloadbalancing:us-east-1:975391191302:targetgroup/roboshop-dev-cart/51d646f5c56cdb4a",
            "arn_suffix": "targetgroup/roboshop-dev-cart/51d646f5c56cdb4a",
            "connection_termination": null,
            "deregistration_delay": "120",
            "health_check": [
              {
                "enabled": true,
                "healthy_threshold": 2,
                "interval": 5,
                "matcher": "200-299",
                "path": "/health",
                "port": "8080",
                "protocol": "HTTP",
                "timeout": 2,
                "unhealthy_threshold": 3
              }
            ],
            "id": "arn:aws:elasticloadbalancing:us-east-1:975391191302:targetgroup/roboshop-dev-cart/51d646f5c56cdb4a",
            "ip_address_type": "ipv4",
            "lambda_multi_value_headers_enabled": false,
            "load_balancer_arns": [
              "arn:aws:elasticloadbalancing:us-east-1:975391191302:loadbalancer/app/roboshop-dev-backend-alb/bbb89e45fe55968b"
            ],
            "load_balancing_algorithm_type": "round_robin",
            "load_balancing_anomaly_mitigation": "off",
            "load_balancing_cross_zone_enabled": "use_load_balancer_configuration",
            "name": "roboshop-dev-cart",
            "name_prefix": "",
            "port": 8080,
            "preserve_client_ip": null,
            "protocol": "HTTP",
            "protocol_version": "HTTP1",
            "proxy_protocol_v2": false,
            "slow_start": 0,
            "stickiness": [
              {
                "cookie_duration": 86400,
                "cookie_name": "",
                "enabled": false,
                "type": "lb_cookie"
              }
            ],
            "tags": {},
            "tags_all": {},
            "target_failover": [
              {
                "on_deregistration": null,
                "on_unhealthy": null
              }
            ],
            "target_group_health": [
              {
                "dns_failover": [
                  {
                    "minimum_healthy_targets_count": "1",
                    "minimum_healthy_targets_percentage": "off"
                  }
                ],
                "unhealthy_state_routing": [
                  {
                    "minimum_healthy_targets_count": 1,
                    "minimum_healthy_targets_percentage": "off"
                  }
                ]
              }
            ],
            "target_health_state": [
              {
                "enable_unhealthy_connection_termination": null,
                "unhealthy_draining_interval": null
              }
            ],
            "target_type": "instance",
            "vpc_id": "vpc-03cddf8bef4310f2c"
          },
          "sensitive_attributes": [
            [
              {
                "type": "get_attr",
                "value": "vpc_id"
              }
            ]
          ],
          "identity_schema_version": 0,
          "private": "bnVsbA==",
          "dependencies": [
            "module.component.data.aws_ssm_parameter.vpc_id"
          ]
        }
      ]
    },
    {
      "module": "module.component[\"catalogue\"]",
      "mode": "data",
      "type": "aws_ami",
      "name": "joindevops",
      "provider": "provider[\"registry.terraform.io/hashicorp/aws\"]",
      "instances": [
        {
          "schema_version": 0,
          "attributes": {
            "architecture": "x86_64",
            "arn": "arn:aws:ec2:us-east-1::image/ami-09c813fb71547fc4f",
            "block_device_mappings": [
              {
                "device_name": "/dev/sda1",
                "ebs": {
                  "delete_on_termination": "true",
                  "encrypted": "false",
                  "iops": "3000",
                  "snapshot_id": "snap-0c5265d8b25057b9a",
                  "throughput": "125",
                  "volume_initialization_rate": "0",
                  "volume_size": "20",
                  "volume_type": "gp3"
                },
                "no_device": "",
                "virtual_name": ""
              }
            ],
            "boot_mode": "uefi-preferred",
            "creation_date": "2024-08-31T15:24:38.000Z",
            "deprecation_time": "2026-08-31T15:24:38.000Z",
            "description": "",
            "ena_support": true,
            "executable_users": null,
            "filter": [
              {
                "name": "name",
                "values": [
                  "RHEL-9-DevOps-Practice"
                ]
              },
              {
                "name": "root-device-type",
                "values": [
                  "ebs"
                ]
              },
              {
                "name": "virtualization-type",
                "values": [
                  "hvm"
                ]
              }
            ],
            "hypervisor": "xen",
            "id": "ami-09c813fb71547fc4f",
            "image_id": "ami-09c813fb71547fc4f",
            "image_location": "973714476881/RHEL-9-DevOps-Practice",
            "image_owner_alias": "",
            "image_type": "machine",
            "imds_support": "",
            "include_deprecated": false,
            "kernel_id": "",
            "last_launched_time": "",
            "most_recent": true,
            "name": "RHEL-9-DevOps-Practice",
            "name_regex": null,
            "owner_id": "973714476881",
            "owners": [
              "973714476881"
            ],
            "platform": "",
            "platform_details": "Red Hat Enterprise Linux",
            "product_codes": [],
            "public": true,
            "ramdisk_id": "",
            "root_device_name": "/dev/sda1",
            "root_device_type": "ebs",
            "root_snapshot_id": "snap-0c5265d8b25057b9a",
            "sriov_net_support": "simple",
            "state": "available",
            "state_reason": {
              "code": "UNSET",
              "message": "UNSET"
            },
            "tags": {},
            "timeouts": null,
            "tpm_support": "",
            "uefi_data": null,
            "usage_operation": "RunInstances:0010",
            "virtualization_type": "hvm"
          },
          "sensitive_attributes": [],
          "identity_schema_version": 0
        }
      ]
    },
    {
      "module": "module.component[\"catalogue\"]",
      "mode": "data",
      "type": "aws_ssm_parameter",
      "name": "backend_alb_listener_arn",
      "provider": "provider[\"registry.terraform.io/hashicorp/aws\"]",
      "instances": [
        {
          "schema_version": 0,
          "attributes": {
            "arn": "arn:aws:ssm:us-east-1:975391191302:parameter/roboshop/dev/backend_alb_listener_arn",
            "id": "/roboshop/dev/backend_alb_listener_arn",
            "insecure_value": "arn:aws:elasticloadbalancing:us-east-1:975391191302:listener/app/roboshop-dev-backend-alb/bbb89e45fe55968b/b093b8e0c06a13d1",
            "name": "/roboshop/dev/backend_alb_listener_arn",
            "type": "String",
            "value": "arn:aws:elasticloadbalancing:us-east-1:975391191302:listener/app/roboshop-dev-backend-alb/bbb89e45fe55968b/b093b8e0c06a13d1",
            "version": 1,
            "with_decryption": true
          },
          "sensitive_attributes": [
            [
              {
                "type": "get_attr",
                "value": "value"
              }
            ]
          ],
          "identity_schema_version": 0
        }
      ]
    },
    {
      "module": "module.component[\"catalogue\"]",
      "mode": "data",
      "type": "aws_ssm_parameter",
      "name": "frontend_alb_listener_arn",
      "provider": "provider[\"registry.terraform.io/hashicorp/aws\"]",
      "instances": [
        {
          "schema_version": 0,
          "attributes": {
            "arn": "arn:aws:ssm:us-east-1:975391191302:parameter/roboshop/dev/frontend_alb_listener_arn",
            "id": "/roboshop/dev/frontend_alb_listener_arn",
            "insecure_value": "arn:aws:elasticloadbalancing:us-east-1:975391191302:listener/app/roboshop-dev-frontend-alb/e1d8b1171f984f4d/47a909c4cf0b27bf",
            "name": "/roboshop/dev/frontend_alb_listener_arn",
            "type": "String",
            "value": "arn:aws:elasticloadbalancing:us-east-1:975391191302:listener/app/roboshop-dev-frontend-alb/e1d8b1171f984f4d/47a909c4cf0b27bf",
            "version": 1,
            "with_decryption": true
          },
          "sensitive_attributes": [
            [
              {
                "type": "get_attr",
                "value": "value"
              }
            ]
          ],
          "identity_schema_version": 0
        }
      ]
    },
    {
      "module": "module.component[\"catalogue\"]",
      "mode": "data",
      "type": "aws_ssm_parameter",
      "name": "private_subnet_ids",
      "provider": "provider[\"registry.terraform.io/hashicorp/aws\"]",
      "instances": [
        {
          "schema_version": 0,
          "attributes": {
            "arn": "arn:aws:ssm:us-east-1:975391191302:parameter/roboshop/dev/private_subnet_ids",
            "id": "/roboshop/dev/private_subnet_ids",
            "insecure_value": "subnet-006ff7984ef90326d,subnet-036604a5160211017",
            "name": "/roboshop/dev/private_subnet_ids",
            "type": "StringList",
            "value": "subnet-006ff7984ef90326d,subnet-036604a5160211017",
            "version": 1,
            "with_decryption": true
          },
          "sensitive_attributes": [
            [
              {
                "type": "get_attr",
                "value": "value"
              }
            ]
          ],
          "identity_schema_version": 0
        }
      ]
    },
    {
      "module": "module.component[\"catalogue\"]",
      "mode": "data",
      "type": "aws_ssm_parameter",
      "name": "sg_id",
      "provider": "provider[\"registry.terraform.io/hashicorp/aws\"]",
      "instances": [
        {
          "schema_version": 0,
          "attributes": {
            "arn": "arn:aws:ssm:us-east-1:975391191302:parameter/roboshop/dev/catalogue_sg_id",
            "id": "/roboshop/dev/catalogue_sg_id",
            "insecure_value": "sg-02265acc413a06956",
            "name": "/roboshop/dev/catalogue_sg_id",
            "type": "String",
            "value": "sg-02265acc413a06956",
            "version": 1,
            "with_decryption": true
          },
          "sensitive_attributes": [
            [
              {
                "type": "get_attr",
                "value": "value"
              }
            ]
          ],
          "identity_schema_version": 0
        }
      ]
    },
    {
      "module": "module.component[\"catalogue\"]",
      "mode": "data",
      "type": "aws_ssm_parameter",
      "name": "vpc_id",
      "provider": "provider[\"registry.terraform.io/hashicorp/aws\"]",
      "instances": [
        {
          "schema_version": 0,
          "attributes": {
            "arn": "arn:aws:ssm:us-east-1:975391191302:parameter/roboshop/dev/vpc_id",
            "id": "/roboshop/dev/vpc_id",
            "insecure_value": "vpc-03cddf8bef4310f2c",
            "name": "/roboshop/dev/vpc_id",
            "type": "String",
            "value": "vpc-03cddf8bef4310f2c",
            "version": 1,
            "with_decryption": true
          },
          "sensitive_attributes": [
            [
              {
                "type": "get_attr",
                "value": "value"
              }
            ]
          ],
          "identity_schema_version": 0
        }
      ]
    },
    {
      "module": "module.component[\"catalogue\"]",
      "mode": "managed",
      "type": "aws_launch_template",
      "name": "main",
      "provider": "provider[\"registry.terraform.io/hashicorp/aws\"]",
      "instances": [
        {
          "schema_version": 0,
          "attributes": {
            "arn": "arn:aws:ec2:us-east-1:975391191302:launch-template/lt-085f61d703c5faf42",
            "block_device_mappings": [],
            "capacity_reservation_specification": [],
            "cpu_options": [],
            "credit_specification": [],
            "default_version": 1,
            "description": "",
            "disable_api_stop": false,
            "disable_api_termination": false,
            "ebs_optimized": "",
            "elastic_gpu_specifications": [],
            "elastic_inference_accelerator": [],
            "enclave_options": [],
            "hibernation_options": [],
            "iam_instance_profile": [],
            "id": "lt-085f61d703c5faf42",
            "image_id": "ami-0ba5b6711b5630523",
            "instance_initiated_shutdown_behavior": "terminate",
            "instance_market_options": [],
            "instance_requirements": [],
            "instance_type": "t3.micro",
            "kernel_id": "",
            "key_name": "",
            "latest_version": 1,
            "license_specification": [],
            "maintenance_options": [],
            "metadata_options": [],
            "monitoring": [],
            "name": "roboshop-dev-catalogue",
            "name_prefix": "",
            "network_interfaces": [],
            "placement": [],
            "private_dns_name_options": [],
            "ram_disk_id": "",
            "security_group_names": [],
            "tag_specifications": [
              {
                "resource_type": "instance",
                "tags": {
                  "Environment": "dev",
                  "Name": "roboshop-dev-catalogue",
                  "Project": "roboshop",
                  "Terraform": "true"
                }
              },
              {
                "resource_type": "volume",
                "tags": {
                  "Environment": "dev",
                  "Name": "roboshop-dev-catalogue",
                  "Project": "roboshop",
                  "Terraform": "true"
                }
              }
            ],
            "tags": {
              "Environment": "dev",
              "Name": "roboshop-dev-catalogue",
              "Project": "roboshop",
              "Terraform": "true"
            },
            "tags_all": {
              "Environment": "dev",
              "Name": "roboshop-dev-catalogue",
              "Project": "roboshop",
              "Terraform": "true"
            },
            "update_default_version": true,
            "user_data": "",
            "vpc_security_group_ids": [
              "sg-02265acc413a06956"
            ]
          },
          "sensitive_attributes": [
            [
              {
                "type": "get_attr",
                "value": "vpc_security_group_ids"
              }
            ]
          ],
          "identity_schema_version": 0,
          "private": "bnVsbA==",
          "dependencies": [
            "module.component.aws_ami_from_instance.main",
            "module.component.aws_ec2_instance_state.main",
            "module.component.aws_instance.main",
            "module.component.data.aws_ami.joindevops",
            "module.component.data.aws_ssm_parameter.private_subnet_ids",
            "module.component.data.aws_ssm_parameter.sg_id",
            "module.component.terraform_data.main"
          ]
        }
      ]
    },
    {
      "module": "module.component[\"catalogue\"]",
      "mode": "managed",
      "type": "aws_lb_listener_rule",
      "name": "main",
      "provider": "provider[\"registry.terraform.io/hashicorp/aws\"]",
      "instances": [
        {
          "schema_version": 0,
          "attributes": {
            "action": [
              {
                "authenticate_cognito": [],
                "authenticate_oidc": [],
                "fixed_response": [],
                "forward": [],
                "order": 1,
                "redirect": [],
                "target_group_arn": "arn:aws:elasticloadbalancing:us-east-1:975391191302:targetgroup/roboshop-dev-catalogue/9fa77c88005d6e76",
                "type": "forward"
              }
            ],
            "arn": "arn:aws:elasticloadbalancing:us-east-1:975391191302:listener-rule/app/roboshop-dev-backend-alb/bbb89e45fe55968b/b093b8e0c06a13d1/18aff7f31e940205",
            "condition": [
              {
                "host_header": [
                  {
                    "values": [
                      "catalogue.backend-dev.rameshaws.site"
                    ]
                  }
                ],
                "http_header": [],
                "http_request_method": [],
                "path_pattern": [],
                "query_string": [],
                "source_ip": []
              }
            ],
            "id": "arn:aws:elasticloadbalancing:us-east-1:975391191302:listener-rule/app/roboshop-dev-backend-alb/bbb89e45fe55968b/b093b8e0c06a13d1/18aff7f31e940205",
            "listener_arn": "arn:aws:elasticloadbalancing:us-east-1:975391191302:listener/app/roboshop-dev-backend-alb/bbb89e45fe55968b/b093b8e0c06a13d1",
            "priority": 10,
            "tags": {},
            "tags_all": {}
          },
          "sensitive_attributes": [
            [
              {
                "type": "get_attr",
                "value": "listener_arn"
              }
            ]
          ],
          "identity_schema_version": 0,
          "private": "bnVsbA==",
          "dependencies": [
            "module.component.aws_lb_target_group.main",
            "module.component.data.aws_ssm_parameter.backend_alb_listener_arn",
            "module.component.data.aws_ssm_parameter.frontend_alb_listener_arn",
            "module.component.data.aws_ssm_parameter.vpc_id"
          ]
        }
      ]
    },
    {
      "module": "module.component[\"catalogue\"]",
      "mode": "managed",
      "type": "aws_lb_target_group",
      "name": "main",
      "provider": "provider[\"registry.terraform.io/hashicorp/aws\"]",
      "instances": [
        {
          "schema_version": 0,
          "attributes": {
            "arn": "arn:aws:elasticloadbalancing:us-east-1:975391191302:targetgroup/roboshop-dev-catalogue/9fa77c88005d6e76",
            "arn_suffix": "targetgroup/roboshop-dev-catalogue/9fa77c88005d6e76",
            "connection_termination": null,
            "deregistration_delay": "120",
            "health_check": [
              {
                "enabled": true,
                "healthy_threshold": 2,
                "interval": 5,
                "matcher": "200-299",
                "path": "/health",
                "port": "8080",
                "protocol": "HTTP",
                "timeout": 2,
                "unhealthy_threshold": 3
              }
            ],
            "id": "arn:aws:elasticloadbalancing:us-east-1:975391191302:targetgroup/roboshop-dev-catalogue/9fa77c88005d6e76",
            "ip_address_type": "ipv4",
            "lambda_multi_value_headers_enabled": false,
            "load_balancer_arns": [
              "arn:aws:elasticloadbalancing:us-east-1:975391191302:loadbalancer/app/roboshop-dev-backend-alb/bbb89e45fe55968b"
            ],
            "load_balancing_algorithm_type": "round_robin",
            "load_balancing_anomaly_mitigation": "off",
            "load_balancing_cross_zone_enabled": "use_load_balancer_configuration",
            "name": "roboshop-dev-catalogue",
            "name_prefix": "",
            "port": 8080,
            "preserve_client_ip": null,
            "protocol": "HTTP",
            "protocol_version": "HTTP1",
            "proxy_protocol_v2": false,
            "slow_start": 0,
            "stickiness": [
              {
                "cookie_duration": 86400,
                "cookie_name": "",
                "enabled": false,
                "type": "lb_cookie"
              }
            ],
            "tags": {},
            "tags_all": {},
            "target_failover": [
              {
                "on_deregistration": null,
                "on_unhealthy": null
              }
            ],
            "target_group_health": [
              {
                "dns_failover": [
                  {
                    "minimum_healthy_targets_count": "1",
                    "minimum_healthy_targets_percentage": "off"
                  }
                ],
                "unhealthy_state_routing": [
                  {
                    "minimum_healthy_targets_count": 1,
                    "minimum_healthy_targets_percentage": "off"
                  }
                ]
              }
            ],
            "target_health_state": [
              {
                "enable_unhealthy_connection_termination": null,
                "unhealthy_draining_interval": null
              }
            ],
            "target_type": "instance",
            "vpc_id": "vpc-03cddf8bef4310f2c"
          },
          "sensitive_attributes": [
            [
              {
                "type": "get_attr",
                "value": "vpc_id"
              }
            ]
          ],
          "identity_schema_version": 0,
          "private": "bnVsbA==",
          "dependencies": [
            "module.component.data.aws_ssm_parameter.vpc_id"
          ]
        }
      ]
    },
    {
      "module": "module.component[\"frontend\"]",
      "mode": "data",
      "type": "aws_ami",
      "name": "joindevops",
      "provider": "provider[\"registry.terraform.io/hashicorp/aws\"]",
      "instances": [
        {
          "schema_version": 0,
          "attributes": {
            "architecture": "x86_64",
            "arn": "arn:aws:ec2:us-east-1::image/ami-09c813fb71547fc4f",
            "block_device_mappings": [
              {
                "device_name": "/dev/sda1",
                "ebs": {
                  "delete_on_termination": "true",
                  "encrypted": "false",
                  "iops": "3000",
                  "snapshot_id": "snap-0c5265d8b25057b9a",
                  "throughput": "125",
                  "volume_initialization_rate": "0",
                  "volume_size": "20",
                  "volume_type": "gp3"
                },
                "no_device": "",
                "virtual_name": ""
              }
            ],
            "boot_mode": "uefi-preferred",
            "creation_date": "2024-08-31T15:24:38.000Z",
            "deprecation_time": "2026-08-31T15:24:38.000Z",
            "description": "",
            "ena_support": true,
            "executable_users": null,
            "filter": [
              {
                "name": "name",
                "values": [
                  "RHEL-9-DevOps-Practice"
                ]
              },
              {
                "name": "root-device-type",
                "values": [
                  "ebs"
                ]
              },
              {
                "name": "virtualization-type",
                "values": [
                  "hvm"
                ]
              }
            ],
            "hypervisor": "xen",
            "id": "ami-09c813fb71547fc4f",
            "image_id": "ami-09c813fb71547fc4f",
            "image_location": "973714476881/RHEL-9-DevOps-Practice",
            "image_owner_alias": "",
            "image_type": "machine",
            "imds_support": "",
            "include_deprecated": false,
            "kernel_id": "",
            "last_launched_time": "",
            "most_recent": true,
            "name": "RHEL-9-DevOps-Practice",
            "name_regex": null,
            "owner_id": "973714476881",
            "owners": [
              "973714476881"
            ],
            "platform": "",
            "platform_details": "Red Hat Enterprise Linux",
            "product_codes": [],
            "public": true,
            "ramdisk_id": "",
            "root_device_name": "/dev/sda1",
            "root_device_type": "ebs",
            "root_snapshot_id": "snap-0c5265d8b25057b9a",
            "sriov_net_support": "simple",
            "state": "available",
            "state_reason": {
              "code": "UNSET",
              "message": "UNSET"
            },
            "tags": {},
            "timeouts": null,
            "tpm_support": "",
            "uefi_data": null,
            "usage_operation": "RunInstances:0010",
            "virtualization_type": "hvm"
          },
          "sensitive_attributes": [],
          "identity_schema_version": 0
        }
      ]
    },
    {
      "module": "module.component[\"frontend\"]",
      "mode": "data",
      "type": "aws_ssm_parameter",
      "name": "backend_alb_listener_arn",
      "provider": "provider[\"registry.terraform.io/hashicorp/aws\"]",
      "instances": [
        {
          "schema_version": 0,
          "attributes": {
            "arn": "arn:aws:ssm:us-east-1:975391191302:parameter/roboshop/dev/backend_alb_listener_arn",
            "id": "/roboshop/dev/backend_alb_listener_arn",
            "insecure_value": "arn:aws:elasticloadbalancing:us-east-1:975391191302:listener/app/roboshop-dev-backend-alb/bbb89e45fe55968b/b093b8e0c06a13d1",
            "name": "/roboshop/dev/backend_alb_listener_arn",
            "type": "String",
            "value": "arn:aws:elasticloadbalancing:us-east-1:975391191302:listener/app/roboshop-dev-backend-alb/bbb89e45fe55968b/b093b8e0c06a13d1",
            "version": 1,
            "with_decryption": true
          },
          "sensitive_attributes": [
            [
              {
                "type": "get_attr",
                "value": "value"
              }
            ]
          ],
          "identity_schema_version": 0
        }
      ]
    },
    {
      "module": "module.component[\"frontend\"]",
      "mode": "data",
      "type": "aws_ssm_parameter",
      "name": "frontend_alb_listener_arn",
      "provider": "provider[\"registry.terraform.io/hashicorp/aws\"]",
      "instances": [
        {
          "schema_version": 0,
          "attributes": {
            "arn": "arn:aws:ssm:us-east-1:975391191302:parameter/roboshop/dev/frontend_alb_listener_arn",
            "id": "/roboshop/dev/frontend_alb_listener_arn",
            "insecure_value": "arn:aws:elasticloadbalancing:us-east-1:975391191302:listener/app/roboshop-dev-frontend-alb/e1d8b1171f984f4d/47a909c4cf0b27bf",
            "name": "/roboshop/dev/frontend_alb_listener_arn",
            "type": "String",
            "value": "arn:aws:elasticloadbalancing:us-east-1:975391191302:listener/app/roboshop-dev-frontend-alb/e1d8b1171f984f4d/47a909c4cf0b27bf",
            "version": 1,
            "with_decryption": true
          },
          "sensitive_attributes": [
            [
              {
                "type": "get_attr",
                "value": "value"
              }
            ]
          ],
          "identity_schema_version": 0
        }
      ]
    },
    {
      "module": "module.component[\"frontend\"]",
      "mode": "data",
      "type": "aws_ssm_parameter",
      "name": "private_subnet_ids",
      "provider": "provider[\"registry.terraform.io/hashicorp/aws\"]",
      "instances": [
        {
          "schema_version": 0,
          "attributes": {
            "arn": "arn:aws:ssm:us-east-1:975391191302:parameter/roboshop/dev/private_subnet_ids",
            "id": "/roboshop/dev/private_subnet_ids",
            "insecure_value": "subnet-006ff7984ef90326d,subnet-036604a5160211017",
            "name": "/roboshop/dev/private_subnet_ids",
            "type": "StringList",
            "value": "subnet-006ff7984ef90326d,subnet-036604a5160211017",
            "version": 1,
            "with_decryption": true
          },
          "sensitive_attributes": [
            [
              {
                "type": "get_attr",
                "value": "value"
              }
            ]
          ],
          "identity_schema_version": 0
        }
      ]
    },
    {
      "module": "module.component[\"frontend\"]",
      "mode": "data",
      "type": "aws_ssm_parameter",
      "name": "sg_id",
      "provider": "provider[\"registry.terraform.io/hashicorp/aws\"]",
      "instances": [
        {
          "schema_version": 0,
          "attributes": {
            "arn": "arn:aws:ssm:us-east-1:975391191302:parameter/roboshop/dev/frontend_sg_id",
            "id": "/roboshop/dev/frontend_sg_id",
            "insecure_value": "sg-0c0791f04d0bb3a65",
            "name": "/roboshop/dev/frontend_sg_id",
            "type": "String",
            "value": "sg-0c0791f04d0bb3a65",
            "version": 1,
            "with_decryption": true
          },
          "sensitive_attributes": [
            [
              {
                "type": "get_attr",
                "value": "value"
              }
            ]
          ],
          "identity_schema_version": 0
        }
      ]
    },
    {
      "module": "module.component[\"frontend\"]",
      "mode": "data",
      "type": "aws_ssm_parameter",
      "name": "vpc_id",
      "provider": "provider[\"registry.terraform.io/hashicorp/aws\"]",
      "instances": [
        {
          "schema_version": 0,
          "attributes": {
            "arn": "arn:aws:ssm:us-east-1:975391191302:parameter/roboshop/dev/vpc_id",
            "id": "/roboshop/dev/vpc_id",
            "insecure_value": "vpc-03cddf8bef4310f2c",
            "name": "/roboshop/dev/vpc_id",
            "type": "String",
            "value": "vpc-03cddf8bef4310f2c",
            "version": 1,
            "with_decryption": true
          },
          "sensitive_attributes": [
            [
              {
                "type": "get_attr",
                "value": "value"
              }
            ]
          ],
          "identity_schema_version": 0
        }
      ]
    },
    {
      "module": "module.component[\"frontend\"]",
      "mode": "managed",
      "type": "aws_launch_template",
      "name": "main",
      "provider": "provider[\"registry.terraform.io/hashicorp/aws\"]",
      "instances": [
        {
          "schema_version": 0,
          "attributes": {
            "arn": "arn:aws:ec2:us-east-1:975391191302:launch-template/lt-0a4d992b963473ec7",
            "block_device_mappings": [],
            "capacity_reservation_specification": [],
            "cpu_options": [],
            "credit_specification": [],
            "default_version": 1,
            "description": "",
            "disable_api_stop": false,
            "disable_api_termination": false,
            "ebs_optimized": "",
            "elastic_gpu_specifications": [],
            "elastic_inference_accelerator": [],
            "enclave_options": [],
            "hibernation_options": [],
            "iam_instance_profile": [],
            "id": "lt-0a4d992b963473ec7",
            "image_id": "ami-0a96541d76c37fde6",
            "instance_initiated_shutdown_behavior": "terminate",
            "instance_market_options": [],
            "instance_requirements": [],
            "instance_type": "t3.micro",
            "kernel_id": "",
            "key_name": "",
            "latest_version": 1,
            "license_specification": [],
            "maintenance_options": [],
            "metadata_options": [],
            "monitoring": [],
            "name": "roboshop-dev-frontend",
            "name_prefix": "",
            "network_interfaces": [],
            "placement": [],
            "private_dns_name_options": [],
            "ram_disk_id": "",
            "security_group_names": [],
            "tag_specifications": [
              {
                "resource_type": "instance",
                "tags": {
                  "Environment": "dev",
                  "Name": "roboshop-dev-frontend",
                  "Project": "roboshop",
                  "Terraform": "true"
                }
              },
              {
                "resource_type": "volume",
                "tags": {
                  "Environment": "dev",
                  "Name": "roboshop-dev-frontend",
                  "Project": "roboshop",
                  "Terraform": "true"
                }
              }
            ],
            "tags": {
              "Environment": "dev",
              "Name": "roboshop-dev-frontend",
              "Project": "roboshop",
              "Terraform": "true"
            },
            "tags_all": {
              "Environment": "dev",
              "Name": "roboshop-dev-frontend",
              "Project": "roboshop",
              "Terraform": "true"
            },
            "update_default_version": true,
            "user_data": "",
            "vpc_security_group_ids": [
              "sg-0c0791f04d0bb3a65"
            ]
          },
          "sensitive_attributes": [
            [
              {
                "type": "get_attr",
                "value": "vpc_security_group_ids"
              }
            ]
          ],
          "identity_schema_version": 0,
          "private": "bnVsbA==",
          "dependencies": [
            "module.component.aws_ami_from_instance.main",
            "module.component.aws_ec2_instance_state.main",
            "module.component.aws_instance.main",
            "module.component.data.aws_ami.joindevops",
            "module.component.data.aws_ssm_parameter.private_subnet_ids",
            "module.component.data.aws_ssm_parameter.sg_id",
            "module.component.terraform_data.main"
          ]
        }
      ]
    },
    {
      "module": "module.component[\"frontend\"]",
      "mode": "managed",
      "type": "aws_lb_listener_rule",
      "name": "main",
      "provider": "provider[\"registry.terraform.io/hashicorp/aws\"]",
      "instances": [
        {
          "schema_version": 0,
          "attributes": {
            "action": [
              {
                "authenticate_cognito": [],
                "authenticate_oidc": [],
                "fixed_response": [],
                "forward": [],
                "order": 1,
                "redirect": [],
                "target_group_arn": "arn:aws:elasticloadbalancing:us-east-1:975391191302:targetgroup/roboshop-dev-frontend/875750bdb877f8a8",
                "type": "forward"
              }
            ],
            "arn": "arn:aws:elasticloadbalancing:us-east-1:975391191302:listener-rule/app/roboshop-dev-frontend-alb/e1d8b1171f984f4d/47a909c4cf0b27bf/eba02defb1efa234",
            "condition": [
              {
                "host_header": [
                  {
                    "values": [
                      "dev.rameshaws.site"
                    ]
                  }
                ],
                "http_header": [],
                "http_request_method": [],
                "path_pattern": [],
                "query_string": [],
                "source_ip": []
              }
            ],
            "id": "arn:aws:elasticloadbalancing:us-east-1:975391191302:listener-rule/app/roboshop-dev-frontend-alb/e1d8b1171f984f4d/47a909c4cf0b27bf/eba02defb1efa234",
            "listener_arn": "arn:aws:elasticloadbalancing:us-east-1:975391191302:listener/app/roboshop-dev-frontend-alb/e1d8b1171f984f4d/47a909c4cf0b27bf",
            "priority": 10,
            "tags": {},
            "tags_all": {}
          },
          "sensitive_attributes": [
            [
              {
                "type": "get_attr",
                "value": "listener_arn"
              }
            ]
          ],
          "identity_schema_version": 0,
          "private": "bnVsbA==",
          "dependencies": [
            "module.component.aws_lb_target_group.main",
            "module.component.data.aws_ssm_parameter.backend_alb_listener_arn",
            "module.component.data.aws_ssm_parameter.frontend_alb_listener_arn",
            "module.component.data.aws_ssm_parameter.vpc_id"
          ]
        }
      ]
    },
    {
      "module": "module.component[\"frontend\"]",
      "mode": "managed",
      "type": "aws_lb_target_group",
      "name": "main",
      "provider": "provider[\"registry.terraform.io/hashicorp/aws\"]",
      "instances": [
        {
          "schema_version": 0,
          "attributes": {
            "arn": "arn:aws:elasticloadbalancing:us-east-1:975391191302:targetgroup/roboshop-dev-frontend/875750bdb877f8a8",
            "arn_suffix": "targetgroup/roboshop-dev-frontend/875750bdb877f8a8",
            "connection_termination": null,
            "deregistration_delay": "120",
            "health_check": [
              {
                "enabled": true,
                "healthy_threshold": 2,
                "interval": 5,
                "matcher": "200-299",
                "path": "/",
                "port": "80",
                "protocol": "HTTP",
                "timeout": 2,
                "unhealthy_threshold": 3
              }
            ],
            "id": "arn:aws:elasticloadbalancing:us-east-1:975391191302:targetgroup/roboshop-dev-frontend/875750bdb877f8a8",
            "ip_address_type": "ipv4",
            "lambda_multi_value_headers_enabled": false,
            "load_balancer_arns": [
              "arn:aws:elasticloadbalancing:us-east-1:975391191302:loadbalancer/app/roboshop-dev-frontend-alb/e1d8b1171f984f4d"
            ],
            "load_balancing_algorithm_type": "round_robin",
            "load_balancing_anomaly_mitigation": "off",
            "load_balancing_cross_zone_enabled": "use_load_balancer_configuration",
            "name": "roboshop-dev-frontend",
            "name_prefix": "",
            "port": 80,
            "preserve_client_ip": null,
            "protocol": "HTTP",
            "protocol_version": "HTTP1",
            "proxy_protocol_v2": false,
            "slow_start": 0,
            "stickiness": [
              {
                "cookie_duration": 86400,
                "cookie_name": "",
                "enabled": false,
                "type": "lb_cookie"
              }
            ],
            "tags": {},
            "tags_all": {},
            "target_failover": [
              {
                "on_deregistration": null,
                "on_unhealthy": null
              }
            ],
            "target_group_health": [
              {
                "dns_failover": [
                  {
                    "minimum_healthy_targets_count": "1",
                    "minimum_healthy_targets_percentage": "off"
                  }
                ],
                "unhealthy_state_routing": [
                  {
                    "minimum_healthy_targets_count": 1,
                    "minimum_healthy_targets_percentage": "off"
                  }
                ]
              }
            ],
            "target_health_state": [
              {
                "enable_unhealthy_connection_termination": null,
                "unhealthy_draining_interval": null
              }
            ],
            "target_type": "instance",
            "vpc_id": "vpc-03cddf8bef4310f2c"
          },
          "sensitive_attributes": [
            [
              {
                "type": "get_attr",
                "value": "vpc_id"
              }
            ]
          ],
          "identity_schema_version": 0,
          "private": "bnVsbA==",
          "dependencies": [
            "module.component.data.aws_ssm_parameter.vpc_id"
          ]
        }
      ]
    },
    {
      "module": "module.component[\"payment\"]",
      "mode": "data",
      "type": "aws_ami",
      "name": "joindevops",
      "provider": "provider[\"registry.terraform.io/hashicorp/aws\"]",
      "instances": [
        {
          "schema_version": 0,
          "attributes": {
            "architecture": "x86_64",
            "arn": "arn:aws:ec2:us-east-1::image/ami-09c813fb71547fc4f",
            "block_device_mappings": [
              {
                "device_name": "/dev/sda1",
                "ebs": {
                  "delete_on_termination": "true",
                  "encrypted": "false",
                  "iops": "3000",
                  "snapshot_id": "snap-0c5265d8b25057b9a",
                  "throughput": "125",
                  "volume_initialization_rate": "0",
                  "volume_size": "20",
                  "volume_type": "gp3"
                },
                "no_device": "",
                "virtual_name": ""
              }
            ],
            "boot_mode": "uefi-preferred",
            "creation_date": "2024-08-31T15:24:38.000Z",
            "deprecation_time": "2026-08-31T15:24:38.000Z",
            "description": "",
            "ena_support": true,
            "executable_users": null,
            "filter": [
              {
                "name": "name",
                "values": [
                  "RHEL-9-DevOps-Practice"
                ]
              },
              {
                "name": "root-device-type",
                "values": [
                  "ebs"
                ]
              },
              {
                "name": "virtualization-type",
                "values": [
                  "hvm"
                ]
              }
            ],
            "hypervisor": "xen",
            "id": "ami-09c813fb71547fc4f",
            "image_id": "ami-09c813fb71547fc4f",
            "image_location": "973714476881/RHEL-9-DevOps-Practice",
            "image_owner_alias": "",
            "image_type": "machine",
            "imds_support": "",
            "include_deprecated": false,
            "kernel_id": "",
            "last_launched_time": "",
            "most_recent": true,
            "name": "RHEL-9-DevOps-Practice",
            "name_regex": null,
            "owner_id": "973714476881",
            "owners": [
              "973714476881"
            ],
            "platform": "",
            "platform_details": "Red Hat Enterprise Linux",
            "product_codes": [],
            "public": true,
            "ramdisk_id": "",
            "root_device_name": "/dev/sda1",
            "root_device_type": "ebs",
            "root_snapshot_id": "snap-0c5265d8b25057b9a",
            "sriov_net_support": "simple",
            "state": "available",
            "state_reason": {
              "code": "UNSET",
              "message": "UNSET"
            },
            "tags": {},
            "timeouts": null,
            "tpm_support": "",
            "uefi_data": null,
            "usage_operation": "RunInstances:0010",
            "virtualization_type": "hvm"
          },
          "sensitive_attributes": [],
          "identity_schema_version": 0
        }
      ]
    },
    {
      "module": "module.component[\"payment\"]",
      "mode": "data",
      "type": "aws_ssm_parameter",
      "name": "backend_alb_listener_arn",
      "provider": "provider[\"registry.terraform.io/hashicorp/aws\"]",
      "instances": [
        {
          "schema_version": 0,
          "attributes": {
            "arn": "arn:aws:ssm:us-east-1:975391191302:parameter/roboshop/dev/backend_alb_listener_arn",
            "id": "/roboshop/dev/backend_alb_listener_arn",
            "insecure_value": "arn:aws:elasticloadbalancing:us-east-1:975391191302:listener/app/roboshop-dev-backend-alb/bbb89e45fe55968b/b093b8e0c06a13d1",
            "name": "/roboshop/dev/backend_alb_listener_arn",
            "type": "String",
            "value": "arn:aws:elasticloadbalancing:us-east-1:975391191302:listener/app/roboshop-dev-backend-alb/bbb89e45fe55968b/b093b8e0c06a13d1",
            "version": 1,
            "with_decryption": true
          },
          "sensitive_attributes": [
            [
              {
                "type": "get_attr",
                "value": "value"
              }
            ]
          ],
          "identity_schema_version": 0
        }
      ]
    },
    {
      "module": "module.component[\"payment\"]",
      "mode": "data",
      "type": "aws_ssm_parameter",
      "name": "frontend_alb_listener_arn",
      "provider": "provider[\"registry.terraform.io/hashicorp/aws\"]",
      "instances": [
        {
          "schema_version": 0,
          "attributes": {
            "arn": "arn:aws:ssm:us-east-1:975391191302:parameter/roboshop/dev/frontend_alb_listener_arn",
            "id": "/roboshop/dev/frontend_alb_listener_arn",
            "insecure_value": "arn:aws:elasticloadbalancing:us-east-1:975391191302:listener/app/roboshop-dev-frontend-alb/e1d8b1171f984f4d/47a909c4cf0b27bf",
            "name": "/roboshop/dev/frontend_alb_listener_arn",
            "type": "String",
            "value": "arn:aws:elasticloadbalancing:us-east-1:975391191302:listener/app/roboshop-dev-frontend-alb/e1d8b1171f984f4d/47a909c4cf0b27bf",
            "version": 1,
            "with_decryption": true
          },
          "sensitive_attributes": [
            [
              {
                "type": "get_attr",
                "value": "value"
              }
            ]
          ],
          "identity_schema_version": 0
        }
      ]
    },
    {
      "module": "module.component[\"payment\"]",
      "mode": "data",
      "type": "aws_ssm_parameter",
      "name": "private_subnet_ids",
      "provider": "provider[\"registry.terraform.io/hashicorp/aws\"]",
      "instances": [
        {
          "schema_version": 0,
          "attributes": {
            "arn": "arn:aws:ssm:us-east-1:975391191302:parameter/roboshop/dev/private_subnet_ids",
            "id": "/roboshop/dev/private_subnet_ids",
            "insecure_value": "subnet-006ff7984ef90326d,subnet-036604a5160211017",
            "name": "/roboshop/dev/private_subnet_ids",
            "type": "StringList",
            "value": "subnet-006ff7984ef90326d,subnet-036604a5160211017",
            "version": 1,
            "with_decryption": true
          },
          "sensitive_attributes": [
            [
              {
                "type": "get_attr",
                "value": "value"
              }
            ]
          ],
          "identity_schema_version": 0
        }
      ]
    },
    {
      "module": "module.component[\"payment\"]",
      "mode": "data",
      "type": "aws_ssm_parameter",
      "name": "sg_id",
      "provider": "provider[\"registry.terraform.io/hashicorp/aws\"]",
      "instances": [
        {
          "schema_version": 0,
          "attributes": {
            "arn": "arn:aws:ssm:us-east-1:975391191302:parameter/roboshop/dev/payment_sg_id",
            "id": "/roboshop/dev/payment_sg_id",
            "insecure_value": "sg-060129c6e72587740",
            "name": "/roboshop/dev/payment_sg_id",
            "type": "String",
            "value": "sg-060129c6e72587740",
            "version": 1,
            "with_decryption": true
          },
          "sensitive_attributes": [
            [
              {
                "type": "get_attr",
                "value": "value"
              }
            ]
          ],
          "identity_schema_version": 0
        }
      ]
    },
    {
      "module": "module.component[\"payment\"]",
      "mode": "data",
      "type": "aws_ssm_parameter",
      "name": "vpc_id",
      "provider": "provider[\"registry.terraform.io/hashicorp/aws\"]",
      "instances": [
        {
          "schema_version": 0,
          "attributes": {
            "arn": "arn:aws:ssm:us-east-1:975391191302:parameter/roboshop/dev/vpc_id",
            "id": "/roboshop/dev/vpc_id",
            "insecure_value": "vpc-03cddf8bef4310f2c",
            "name": "/roboshop/dev/vpc_id",
            "type": "String",
            "value": "vpc-03cddf8bef4310f2c",
            "version": 1,
            "with_decryption": true
          },
          "sensitive_attributes": [
            [
              {
                "type": "get_attr",
                "value": "value"
              }
            ]
          ],
          "identity_schema_version": 0
        }
      ]
    },
    {
      "module": "module.component[\"payment\"]",
      "mode": "managed",
      "type": "aws_launch_template",
      "name": "main",
      "provider": "provider[\"registry.terraform.io/hashicorp/aws\"]",
      "instances": [
        {
          "schema_version": 0,
          "attributes": {
            "arn": "arn:aws:ec2:us-east-1:975391191302:launch-template/lt-01e04349433f2f237",
            "block_device_mappings": [],
            "capacity_reservation_specification": [],
            "cpu_options": [],
            "credit_specification": [],
            "default_version": 1,
            "description": "",
            "disable_api_stop": false,
            "disable_api_termination": false,
            "ebs_optimized": "",
            "elastic_gpu_specifications": [],
            "elastic_inference_accelerator": [],
            "enclave_options": [],
            "hibernation_options": [],
            "iam_instance_profile": [],
            "id": "lt-01e04349433f2f237",
            "image_id": "ami-0fcc1cb8fec42afe7",
            "instance_initiated_shutdown_behavior": "terminate",
            "instance_market_options": [],
            "instance_requirements": [],
            "instance_type": "t3.micro",
            "kernel_id": "",
            "key_name": "",
            "latest_version": 1,
            "license_specification": [],
            "maintenance_options": [],
            "metadata_options": [],
            "monitoring": [],
            "name": "roboshop-dev-payment",
            "name_prefix": "",
            "network_interfaces": [],
            "placement": [],
            "private_dns_name_options": [],
            "ram_disk_id": "",
            "security_group_names": [],
            "tag_specifications": [
              {
                "resource_type": "instance",
                "tags": {
                  "Environment": "dev",
                  "Name": "roboshop-dev-payment",
                  "Project": "roboshop",
                  "Terraform": "true"
                }
              },
              {
                "resource_type": "volume",
                "tags": {
                  "Environment": "dev",
                  "Name": "roboshop-dev-payment",
                  "Project": "roboshop",
                  "Terraform": "true"
                }
              }
            ],
            "tags": {
              "Environment": "dev",
              "Name": "roboshop-dev-payment",
              "Project": "roboshop",
              "Terraform": "true"
            },
            "tags_all": {
              "Environment": "dev",
              "Name": "roboshop-dev-payment",
              "Project": "roboshop",
              "Terraform": "true"
            },
            "update_default_version": true,
            "user_data": "",
            "vpc_security_group_ids": [
              "sg-060129c6e72587740"
            ]
          },
          "sensitive_attributes": [
            [
              {
                "type": "get_attr",
                "value": "vpc_security_group_ids"
              }
            ]
          ],
          "identity_schema_version": 0,
          "private": "bnVsbA==",
          "dependencies": [
            "module.component.aws_ami_from_instance.main",
            "module.component.aws_ec2_instance_state.main",
            "module.component.aws_instance.main",
            "module.component.data.aws_ami.joindevops",
            "module.component.data.aws_ssm_parameter.private_subnet_ids",
            "module.component.data.aws_ssm_parameter.sg_id",
            "module.component.terraform_data.main"
          ]
        }
      ]
    },
    {
      "module": "module.component[\"payment\"]",
      "mode": "managed",
      "type": "aws_lb_listener_rule",
      "name": "main",
      "provider": "provider[\"registry.terraform.io/hashicorp/aws\"]",
      "instances": [
        {
          "schema_version": 0,
          "attributes": {
            "action": [
              {
                "authenticate_cognito": [],
                "authenticate_oidc": [],
                "fixed_response": [],
                "forward": [],
                "order": 1,
                "redirect": [],
                "target_group_arn": "arn:aws:elasticloadbalancing:us-east-1:975391191302:targetgroup/roboshop-dev-payment/49d647e1af75c2fe",
                "type": "forward"
              }
            ],
            "arn": "arn:aws:elasticloadbalancing:us-east-1:975391191302:listener-rule/app/roboshop-dev-backend-alb/bbb89e45fe55968b/b093b8e0c06a13d1/5b3ee6df2beef43f",
            "condition": [
              {
                "host_header": [
                  {
                    "values": [
                      "payment.backend-dev.rameshaws.site"
                    ]
                  }
                ],
                "http_header": [],
                "http_request_method": [],
                "path_pattern": [],
                "query_string": [],
                "source_ip": []
              }
            ],
            "id": "arn:aws:elasticloadbalancing:us-east-1:975391191302:listener-rule/app/roboshop-dev-backend-alb/bbb89e45fe55968b/b093b8e0c06a13d1/5b3ee6df2beef43f",
            "listener_arn": "arn:aws:elasticloadbalancing:us-east-1:975391191302:listener/app/roboshop-dev-backend-alb/bbb89e45fe55968b/b093b8e0c06a13d1",
            "priority": 50,
            "tags": {},
            "tags_all": {}
          },
          "sensitive_attributes": [
            [
              {
                "type": "get_attr",
                "value": "listener_arn"
              }
            ]
          ],
          "identity_schema_version": 0,
          "private": "bnVsbA==",
          "dependencies": [
            "module.component.aws_lb_target_group.main",
            "module.component.data.aws_ssm_parameter.backend_alb_listener_arn",
            "module.component.data.aws_ssm_parameter.frontend_alb_listener_arn",
            "module.component.data.aws_ssm_parameter.vpc_id"
          ]
        }
      ]
    },
    {
      "module": "module.component[\"payment\"]",
      "mode": "managed",
      "type": "aws_lb_target_group",
      "name": "main",
      "provider": "provider[\"registry.terraform.io/hashicorp/aws\"]",
      "instances": [
        {
          "schema_version": 0,
          "attributes": {
            "arn": "arn:aws:elasticloadbalancing:us-east-1:975391191302:targetgroup/roboshop-dev-payment/49d647e1af75c2fe",
            "arn_suffix": "targetgroup/roboshop-dev-payment/49d647e1af75c2fe",
            "connection_termination": null,
            "deregistration_delay": "120",
            "health_check": [
              {
                "enabled": true,
                "healthy_threshold": 2,
                "interval": 5,
                "matcher": "200-299",
                "path": "/health",
                "port": "8080",
                "protocol": "HTTP",
                "timeout": 2,
                "unhealthy_threshold": 3
              }
            ],
            "id": "arn:aws:elasticloadbalancing:us-east-1:975391191302:targetgroup/roboshop-dev-payment/49d647e1af75c2fe",
            "ip_address_type": "ipv4",
            "lambda_multi_value_headers_enabled": false,
            "load_balancer_arns": [
              "arn:aws:elasticloadbalancing:us-east-1:975391191302:loadbalancer/app/roboshop-dev-backend-alb/bbb89e45fe55968b"
            ],
            "load_balancing_algorithm_type": "round_robin",
            "load_balancing_anomaly_mitigation": "off",
            "load_balancing_cross_zone_enabled": "use_load_balancer_configuration",
            "name": "roboshop-dev-payment",
            "name_prefix": "",
            "port": 8080,
            "preserve_client_ip": null,
            "protocol": "HTTP",
            "protocol_version": "HTTP1",
            "proxy_protocol_v2": false,
            "slow_start": 0,
            "stickiness": [
              {
                "cookie_duration": 86400,
                "cookie_name": "",
                "enabled": false,
                "type": "lb_cookie"
              }
            ],
            "tags": {},
            "tags_all": {},
            "target_failover": [
              {
                "on_deregistration": null,
                "on_unhealthy": null
              }
            ],
            "target_group_health": [
              {
                "dns_failover": [
                  {
                    "minimum_healthy_targets_count": "1",
                    "minimum_healthy_targets_percentage": "off"
                  }
                ],
                "unhealthy_state_routing": [
                  {
                    "minimum_healthy_targets_count": 1,
                    "minimum_healthy_targets_percentage": "off"
                  }
                ]
              }
            ],
            "target_health_state": [
              {
                "enable_unhealthy_connection_termination": null,
                "unhealthy_draining_interval": null
              }
            ],
            "target_type": "instance",
            "vpc_id": "vpc-03cddf8bef4310f2c"
          },
          "sensitive_attributes": [
            [
              {
                "type": "get_attr",
                "value": "vpc_id"
              }
            ]
          ],
          "identity_schema_version": 0,
          "private": "bnVsbA==",
          "dependencies": [
            "module.component.data.aws_ssm_parameter.vpc_id"
          ]
        }
      ]
    },
    {
      "module": "module.component[\"shipping\"]",
      "mode": "data",
      "type": "aws_ami",
      "name": "joindevops",
      "provider": "provider[\"registry.terraform.io/hashicorp/aws\"]",
      "instances": [
        {
          "schema_version": 0,
          "attributes": {
            "architecture": "x86_64",
            "arn": "arn:aws:ec2:us-east-1::image/ami-09c813fb71547fc4f",
            "block_device_mappings": [
              {
                "device_name": "/dev/sda1",
                "ebs": {
                  "delete_on_termination": "true",
                  "encrypted": "false",
                  "iops": "3000",
                  "snapshot_id": "snap-0c5265d8b25057b9a",
                  "throughput": "125",
                  "volume_initialization_rate": "0",
                  "volume_size": "20",
                  "volume_type": "gp3"
                },
                "no_device": "",
                "virtual_name": ""
              }
            ],
            "boot_mode": "uefi-preferred",
            "creation_date": "2024-08-31T15:24:38.000Z",
            "deprecation_time": "2026-08-31T15:24:38.000Z",
            "description": "",
            "ena_support": true,
            "executable_users": null,
            "filter": [
              {
                "name": "name",
                "values": [
                  "RHEL-9-DevOps-Practice"
                ]
              },
              {
                "name": "root-device-type",
                "values": [
                  "ebs"
                ]
              },
              {
                "name": "virtualization-type",
                "values": [
                  "hvm"
                ]
              }
            ],
            "hypervisor": "xen",
            "id": "ami-09c813fb71547fc4f",
            "image_id": "ami-09c813fb71547fc4f",
            "image_location": "973714476881/RHEL-9-DevOps-Practice",
            "image_owner_alias": "",
            "image_type": "machine",
            "imds_support": "",
            "include_deprecated": false,
            "kernel_id": "",
            "last_launched_time": "",
            "most_recent": true,
            "name": "RHEL-9-DevOps-Practice",
            "name_regex": null,
            "owner_id": "973714476881",
            "owners": [
              "973714476881"
            ],
            "platform": "",
            "platform_details": "Red Hat Enterprise Linux",
            "product_codes": [],
            "public": true,
            "ramdisk_id": "",
            "root_device_name": "/dev/sda1",
            "root_device_type": "ebs",
            "root_snapshot_id": "snap-0c5265d8b25057b9a",
            "sriov_net_support": "simple",
            "state": "available",
            "state_reason": {
              "code": "UNSET",
              "message": "UNSET"
            },
            "tags": {},
            "timeouts": null,
            "tpm_support": "",
            "uefi_data": null,
            "usage_operation": "RunInstances:0010",
            "virtualization_type": "hvm"
          },
          "sensitive_attributes": [],
          "identity_schema_version": 0
        }
      ]
    },
    {
      "module": "module.component[\"shipping\"]",
      "mode": "data",
      "type": "aws_ssm_parameter",
      "name": "backend_alb_listener_arn",
      "provider": "provider[\"registry.terraform.io/hashicorp/aws\"]",
      "instances": [
        {
          "schema_version": 0,
          "attributes": {
            "arn": "arn:aws:ssm:us-east-1:975391191302:parameter/roboshop/dev/backend_alb_listener_arn",
            "id": "/roboshop/dev/backend_alb_listener_arn",
            "insecure_value": "arn:aws:elasticloadbalancing:us-east-1:975391191302:listener/app/roboshop-dev-backend-alb/bbb89e45fe55968b/b093b8e0c06a13d1",
            "name": "/roboshop/dev/backend_alb_listener_arn",
            "type": "String",
            "value": "arn:aws:elasticloadbalancing:us-east-1:975391191302:listener/app/roboshop-dev-backend-alb/bbb89e45fe55968b/b093b8e0c06a13d1",
            "version": 1,
            "with_decryption": true
          },
          "sensitive_attributes": [
            [
              {
                "type": "get_attr",
                "value": "value"
              }
            ]
          ],
          "identity_schema_version": 0
        }
      ]
    },
    {
      "module": "module.component[\"shipping\"]",
      "mode": "data",
      "type": "aws_ssm_parameter",
      "name": "frontend_alb_listener_arn",
      "provider": "provider[\"registry.terraform.io/hashicorp/aws\"]",
      "instances": [
        {
          "schema_version": 0,
          "attributes": {
            "arn": "arn:aws:ssm:us-east-1:975391191302:parameter/roboshop/dev/frontend_alb_listener_arn",
            "id": "/roboshop/dev/frontend_alb_listener_arn",
            "insecure_value": "arn:aws:elasticloadbalancing:us-east-1:975391191302:listener/app/roboshop-dev-frontend-alb/e1d8b1171f984f4d/47a909c4cf0b27bf",
            "name": "/roboshop/dev/frontend_alb_listener_arn",
            "type": "String",
            "value": "arn:aws:elasticloadbalancing:us-east-1:975391191302:listener/app/roboshop-dev-frontend-alb/e1d8b1171f984f4d/47a909c4cf0b27bf",
            "version": 1,
            "with_decryption": true
          },
          "sensitive_attributes": [
            [
              {
                "type": "get_attr",
                "value": "value"
              }
            ]
          ],
          "identity_schema_version": 0
        }
      ]
    },
    {
      "module": "module.component[\"shipping\"]",
      "mode": "data",
      "type": "aws_ssm_parameter",
      "name": "private_subnet_ids",
      "provider": "provider[\"registry.terraform.io/hashicorp/aws\"]",
      "instances": [
        {
          "schema_version": 0,
          "attributes": {
            "arn": "arn:aws:ssm:us-east-1:975391191302:parameter/roboshop/dev/private_subnet_ids",
            "id": "/roboshop/dev/private_subnet_ids",
            "insecure_value": "subnet-006ff7984ef90326d,subnet-036604a5160211017",
            "name": "/roboshop/dev/private_subnet_ids",
            "type": "StringList",
            "value": "subnet-006ff7984ef90326d,subnet-036604a5160211017",
            "version": 1,
            "with_decryption": true
          },
          "sensitive_attributes": [
            [
              {
                "type": "get_attr",
                "value": "value"
              }
            ]
          ],
          "identity_schema_version": 0
        }
      ]
    },
    {
      "module": "module.component[\"shipping\"]",
      "mode": "data",
      "type": "aws_ssm_parameter",
      "name": "sg_id",
      "provider": "provider[\"registry.terraform.io/hashicorp/aws\"]",
      "instances": [
        {
          "schema_version": 0,
          "attributes": {
            "arn": "arn:aws:ssm:us-east-1:975391191302:parameter/roboshop/dev/shipping_sg_id",
            "id": "/roboshop/dev/shipping_sg_id",
            "insecure_value": "sg-08e66e873f5dddabb",
            "name": "/roboshop/dev/shipping_sg_id",
            "type": "String",
            "value": "sg-08e66e873f5dddabb",
            "version": 1,
            "with_decryption": true
          },
          "sensitive_attributes": [
            [
              {
                "type": "get_attr",
                "value": "value"
              }
            ]
          ],
          "identity_schema_version": 0
        }
      ]
    },
    {
      "module": "module.component[\"shipping\"]",
      "mode": "data",
      "type": "aws_ssm_parameter",
      "name": "vpc_id",
      "provider": "provider[\"registry.terraform.io/hashicorp/aws\"]",
      "instances": [
        {
          "schema_version": 0,
          "attributes": {
            "arn": "arn:aws:ssm:us-east-1:975391191302:parameter/roboshop/dev/vpc_id",
            "id": "/roboshop/dev/vpc_id",
            "insecure_value": "vpc-03cddf8bef4310f2c",
            "name": "/roboshop/dev/vpc_id",
            "type": "String",
            "value": "vpc-03cddf8bef4310f2c",
            "version": 1,
            "with_decryption": true
          },
          "sensitive_attributes": [
            [
              {
                "type": "get_attr",
                "value": "value"
              }
            ]
          ],
          "identity_schema_version": 0
        }
      ]
    },
    {
      "module": "module.component[\"shipping\"]",
      "mode": "managed",
      "type": "aws_launch_template",
      "name": "main",
      "provider": "provider[\"registry.terraform.io/hashicorp/aws\"]",
      "instances": [
        {
          "schema_version": 0,
          "attributes": {
            "arn": "arn:aws:ec2:us-east-1:975391191302:launch-template/lt-00b8ffc720b4080d9",
            "block_device_mappings": [],
            "capacity_reservation_specification": [],
            "cpu_options": [],
            "credit_specification": [],
            "default_version": 1,
            "description": "",
            "disable_api_stop": false,
            "disable_api_termination": false,
            "ebs_optimized": "",
            "elastic_gpu_specifications": [],
            "elastic_inference_accelerator": [],
            "enclave_options": [],
            "hibernation_options": [],
            "iam_instance_profile": [],
            "id": "lt-00b8ffc720b4080d9",
            "image_id": "ami-0accf7bdc644a1e71",
            "instance_initiated_shutdown_behavior": "terminate",
            "instance_market_options": [],
            "instance_requirements": [],
            "instance_type": "t3.micro",
            "kernel_id": "",
            "key_name": "",
            "latest_version": 1,
            "license_specification": [],
            "maintenance_options": [],
            "metadata_options": [],
            "monitoring": [],
            "name": "roboshop-dev-shipping",
            "name_prefix": "",
            "network_interfaces": [],
            "placement": [],
            "private_dns_name_options": [],
            "ram_disk_id": "",
            "security_group_names": [],
            "tag_specifications": [
              {
                "resource_type": "instance",
                "tags": {
                  "Environment": "dev",
                  "Name": "roboshop-dev-shipping",
                  "Project": "roboshop",
                  "Terraform": "true"
                }
              },
              {
                "resource_type": "volume",
                "tags": {
                  "Environment": "dev",
                  "Name": "roboshop-dev-shipping",
                  "Project": "roboshop",
                  "Terraform": "true"
                }
              }
            ],
            "tags": {
              "Environment": "dev",
              "Name": "roboshop-dev-shipping",
              "Project": "roboshop",
              "Terraform": "true"
            },
            "tags_all": {
              "Environment": "dev",
              "Name": "roboshop-dev-shipping",
              "Project": "roboshop",
              "Terraform": "true"
            },
            "update_default_version": true,
            "user_data": "",
            "vpc_security_group_ids": [
              "sg-08e66e873f5dddabb"
            ]
          },
          "sensitive_attributes": [
            [
              {
                "type": "get_attr",
                "value": "vpc_security_group_ids"
              }
            ]
          ],
          "identity_schema_version": 0,
          "private": "bnVsbA==",
          "dependencies": [
            "module.component.aws_ami_from_instance.main",
            "module.component.aws_ec2_instance_state.main",
            "module.component.aws_instance.main",
            "module.component.data.aws_ami.joindevops",
            "module.component.data.aws_ssm_parameter.private_subnet_ids",
            "module.component.data.aws_ssm_parameter.sg_id",
            "module.component.terraform_data.main"
          ]
        }
      ]
    },
    {
      "module": "module.component[\"shipping\"]",
      "mode": "managed",
      "type": "aws_lb_listener_rule",
      "name": "main",
      "provider": "provider[\"registry.terraform.io/hashicorp/aws\"]",
      "instances": [
        {
          "schema_version": 0,
          "attributes": {
            "action": [
              {
                "authenticate_cognito": [],
                "authenticate_oidc": [],
                "fixed_response": [],
                "forward": [],
                "order": 1,
                "redirect": [],
                "target_group_arn": "arn:aws:elasticloadbalancing:us-east-1:975391191302:targetgroup/roboshop-dev-shipping/35d8df95ba4e93cd",
                "type": "forward"
              }
            ],
            "arn": "arn:aws:elasticloadbalancing:us-east-1:975391191302:listener-rule/app/roboshop-dev-backend-alb/bbb89e45fe55968b/b093b8e0c06a13d1/d9eb069f1cd06407",
            "condition": [
              {
                "host_header": [
                  {
                    "values": [
                      "shipping.backend-dev.rameshaws.site"
                    ]
                  }
                ],
                "http_header": [],
                "http_request_method": [],
                "path_pattern": [],
                "query_string": [],
                "source_ip": []
              }
            ],
            "id": "arn:aws:elasticloadbalancing:us-east-1:975391191302:listener-rule/app/roboshop-dev-backend-alb/bbb89e45fe55968b/b093b8e0c06a13d1/d9eb069f1cd06407",
            "listener_arn": "arn:aws:elasticloadbalancing:us-east-1:975391191302:listener/app/roboshop-dev-backend-alb/bbb89e45fe55968b/b093b8e0c06a13d1",
            "priority": 40,
            "tags": {},
            "tags_all": {}
          },
          "sensitive_attributes": [
            [
              {
                "type": "get_attr",
                "value": "listener_arn"
              }
            ]
          ],
          "identity_schema_version": 0,
          "private": "bnVsbA==",
          "dependencies": [
            "module.component.aws_lb_target_group.main",
            "module.component.data.aws_ssm_parameter.backend_alb_listener_arn",
            "module.component.data.aws_ssm_parameter.frontend_alb_listener_arn",
            "module.component.data.aws_ssm_parameter.vpc_id"
          ]
        }
      ]
    },
    {
      "module": "module.component[\"shipping\"]",
      "mode": "managed",
      "type": "aws_lb_target_group",
      "name": "main",
      "provider": "provider[\"registry.terraform.io/hashicorp/aws\"]",
      "instances": [
        {
          "schema_version": 0,
          "attributes": {
            "arn": "arn:aws:elasticloadbalancing:us-east-1:975391191302:targetgroup/roboshop-dev-shipping/35d8df95ba4e93cd",
            "arn_suffix": "targetgroup/roboshop-dev-shipping/35d8df95ba4e93cd",
            "connection_termination": null,
            "deregistration_delay": "120",
            "health_check": [
              {
                "enabled": true,
                "healthy_threshold": 2,
                "interval": 5,
                "matcher": "200-299",
                "path": "/health",
                "port": "8080",
                "protocol": "HTTP",
                "timeout": 2,
                "unhealthy_threshold": 3
              }
            ],
            "id": "arn:aws:elasticloadbalancing:us-east-1:975391191302:targetgroup/roboshop-dev-shipping/35d8df95ba4e93cd",
            "ip_address_type": "ipv4",
            "lambda_multi_value_headers_enabled": false,
            "load_balancer_arns": [
              "arn:aws:elasticloadbalancing:us-east-1:975391191302:loadbalancer/app/roboshop-dev-backend-alb/bbb89e45fe55968b"
            ],
            "load_balancing_algorithm_type": "round_robin",
            "load_balancing_anomaly_mitigation": "off",
            "load_balancing_cross_zone_enabled": "use_load_balancer_configuration",
            "name": "roboshop-dev-shipping",
            "name_prefix": "",
            "port": 8080,
            "preserve_client_ip": null,
            "protocol": "HTTP",
            "protocol_version": "HTTP1",
            "proxy_protocol_v2": false,
            "slow_start": 0,
            "stickiness": [
              {
                "cookie_duration": 86400,
                "cookie_name": "",
                "enabled": false,
                "type": "lb_cookie"
              }
            ],
            "tags": {},
            "tags_all": {},
            "target_failover": [
              {
                "on_deregistration": null,
                "on_unhealthy": null
              }
            ],
            "target_group_health": [
              {
                "dns_failover": [
                  {
                    "minimum_healthy_targets_count": "1",
                    "minimum_healthy_targets_percentage": "off"
                  }
                ],
                "unhealthy_state_routing": [
                  {
                    "minimum_healthy_targets_count": 1,
                    "minimum_healthy_targets_percentage": "off"
                  }
                ]
              }
            ],
            "target_health_state": [
              {
                "enable_unhealthy_connection_termination": null,
                "unhealthy_draining_interval": null
              }
            ],
            "target_type": "instance",
            "vpc_id": "vpc-03cddf8bef4310f2c"
          },
          "sensitive_attributes": [
            [
              {
                "type": "get_attr",
                "value": "vpc_id"
              }
            ]
          ],
          "identity_schema_version": 0,
          "private": "bnVsbA==",
          "dependencies": [
            "module.component.data.aws_ssm_parameter.vpc_id"
          ]
        }
      ]
    },
    {
      "module": "module.component[\"user\"]",
      "mode": "data",
      "type": "aws_ami",
      "name": "joindevops",
      "provider": "provider[\"registry.terraform.io/hashicorp/aws\"]",
      "instances": [
        {
          "schema_version": 0,
          "attributes": {
            "architecture": "x86_64",
            "arn": "arn:aws:ec2:us-east-1::image/ami-09c813fb71547fc4f",
            "block_device_mappings": [
              {
                "device_name": "/dev/sda1",
                "ebs": {
                  "delete_on_termination": "true",
                  "encrypted": "false",
                  "iops": "3000",
                  "snapshot_id": "snap-0c5265d8b25057b9a",
                  "throughput": "125",
                  "volume_initialization_rate": "0",
                  "volume_size": "20",
                  "volume_type": "gp3"
                },
                "no_device": "",
                "virtual_name": ""
              }
            ],
            "boot_mode": "uefi-preferred",
            "creation_date": "2024-08-31T15:24:38.000Z",
            "deprecation_time": "2026-08-31T15:24:38.000Z",
            "description": "",
            "ena_support": true,
            "executable_users": null,
            "filter": [
              {
                "name": "name",
                "values": [
                  "RHEL-9-DevOps-Practice"
                ]
              },
              {
                "name": "root-device-type",
                "values": [
                  "ebs"
                ]
              },
              {
                "name": "virtualization-type",
                "values": [
                  "hvm"
                ]
              }
            ],
            "hypervisor": "xen",
            "id": "ami-09c813fb71547fc4f",
            "image_id": "ami-09c813fb71547fc4f",
            "image_location": "973714476881/RHEL-9-DevOps-Practice",
            "image_owner_alias": "",
            "image_type": "machine",
            "imds_support": "",
            "include_deprecated": false,
            "kernel_id": "",
            "last_launched_time": "",
            "most_recent": true,
            "name": "RHEL-9-DevOps-Practice",
            "name_regex": null,
            "owner_id": "973714476881",
            "owners": [
              "973714476881"
            ],
            "platform": "",
            "platform_details": "Red Hat Enterprise Linux",
            "product_codes": [],
            "public": true,
            "ramdisk_id": "",
            "root_device_name": "/dev/sda1",
            "root_device_type": "ebs",
            "root_snapshot_id": "snap-0c5265d8b25057b9a",
            "sriov_net_support": "simple",
            "state": "available",
            "state_reason": {
              "code": "UNSET",
              "message": "UNSET"
            },
            "tags": {},
            "timeouts": null,
            "tpm_support": "",
            "uefi_data": null,
            "usage_operation": "RunInstances:0010",
            "virtualization_type": "hvm"
          },
          "sensitive_attributes": [],
          "identity_schema_version": 0
        }
      ]
    },
    {
      "module": "module.component[\"user\"]",
      "mode": "data",
      "type": "aws_ssm_parameter",
      "name": "backend_alb_listener_arn",
      "provider": "provider[\"registry.terraform.io/hashicorp/aws\"]",
      "instances": [
        {
          "schema_version": 0,
          "attributes": {
            "arn": "arn:aws:ssm:us-east-1:975391191302:parameter/roboshop/dev/backend_alb_listener_arn",
            "id": "/roboshop/dev/backend_alb_listener_arn",
            "insecure_value": "arn:aws:elasticloadbalancing:us-east-1:975391191302:listener/app/roboshop-dev-backend-alb/bbb89e45fe55968b/b093b8e0c06a13d1",
            "name": "/roboshop/dev/backend_alb_listener_arn",
            "type": "String",
            "value": "arn:aws:elasticloadbalancing:us-east-1:975391191302:listener/app/roboshop-dev-backend-alb/bbb89e45fe55968b/b093b8e0c06a13d1",
            "version": 1,
            "with_decryption": true
          },
          "sensitive_attributes": [
            [
              {
                "type": "get_attr",
                "value": "value"
              }
            ]
          ],
          "identity_schema_version": 0
        }
      ]
    },
    {
      "module": "module.component[\"user\"]",
      "mode": "data",
      "type": "aws_ssm_parameter",
      "name": "frontend_alb_listener_arn",
      "provider": "provider[\"registry.terraform.io/hashicorp/aws\"]",
      "instances": [
        {
          "schema_version": 0,
          "attributes": {
            "arn": "arn:aws:ssm:us-east-1:975391191302:parameter/roboshop/dev/frontend_alb_listener_arn",
            "id": "/roboshop/dev/frontend_alb_listener_arn",
            "insecure_value": "arn:aws:elasticloadbalancing:us-east-1:975391191302:listener/app/roboshop-dev-frontend-alb/e1d8b1171f984f4d/47a909c4cf0b27bf",
            "name": "/roboshop/dev/frontend_alb_listener_arn",
            "type": "String",
            "value": "arn:aws:elasticloadbalancing:us-east-1:975391191302:listener/app/roboshop-dev-frontend-alb/e1d8b1171f984f4d/47a909c4cf0b27bf",
            "version": 1,
            "with_decryption": true
          },
          "sensitive_attributes": [
            [
              {
                "type": "get_attr",
                "value": "value"
              }
            ]
          ],
          "identity_schema_version": 0
        }
      ]
    },
    {
      "module": "module.component[\"user\"]",
      "mode": "data",
      "type": "aws_ssm_parameter",
      "name": "private_subnet_ids",
      "provider": "provider[\"registry.terraform.io/hashicorp/aws\"]",
      "instances": [
        {
          "schema_version": 0,
          "attributes": {
            "arn": "arn:aws:ssm:us-east-1:975391191302:parameter/roboshop/dev/private_subnet_ids",
            "id": "/roboshop/dev/private_subnet_ids",
            "insecure_value": "subnet-006ff7984ef90326d,subnet-036604a5160211017",
            "name": "/roboshop/dev/private_subnet_ids",
            "type": "StringList",
            "value": "subnet-006ff7984ef90326d,subnet-036604a5160211017",
            "version": 1,
            "with_decryption": true
          },
          "sensitive_attributes": [
            [
              {
                "type": "get_attr",
                "value": "value"
              }
            ]
          ],
          "identity_schema_version": 0
        }
      ]
    },
    {
      "module": "module.component[\"user\"]",
      "mode": "data",
      "type": "aws_ssm_parameter",
      "name": "sg_id",
      "provider": "provider[\"registry.terraform.io/hashicorp/aws\"]",
      "instances": [
        {
          "schema_version": 0,
          "attributes": {
            "arn": "arn:aws:ssm:us-east-1:975391191302:parameter/roboshop/dev/user_sg_id",
            "id": "/roboshop/dev/user_sg_id",
            "insecure_value": "sg-061b325e30ccd12ab",
            "name": "/roboshop/dev/user_sg_id",
            "type": "String",
            "value": "sg-061b325e30ccd12ab",
            "version": 1,
            "with_decryption": true
          },
          "sensitive_attributes": [
            [
              {
                "type": "get_attr",
                "value": "value"
              }
            ]
          ],
          "identity_schema_version": 0
        }
      ]
    },
    {
      "module": "module.component[\"user\"]",
      "mode": "data",
      "type": "aws_ssm_parameter",
      "name": "vpc_id",
      "provider": "provider[\"registry.terraform.io/hashicorp/aws\"]",
      "instances": [
        {
          "schema_version": 0,
          "attributes": {
            "arn": "arn:aws:ssm:us-east-1:975391191302:parameter/roboshop/dev/vpc_id",
            "id": "/roboshop/dev/vpc_id",
            "insecure_value": "vpc-03cddf8bef4310f2c",
            "name": "/roboshop/dev/vpc_id",
            "type": "String",
            "value": "vpc-03cddf8bef4310f2c",
            "version": 1,
            "with_decryption": true
          },
          "sensitive_attributes": [
            [
              {
                "type": "get_attr",
                "value": "value"
              }
            ]
          ],
          "identity_schema_version": 0
        }
      ]
    },
    {
      "module": "module.component[\"user\"]",
      "mode": "managed",
      "type": "aws_launch_template",
      "name": "main",
      "provider": "provider[\"registry.terraform.io/hashicorp/aws\"]",
      "instances": [
        {
          "schema_version": 0,
          "attributes": {
            "arn": "arn:aws:ec2:us-east-1:975391191302:launch-template/lt-0794fc9f743322d2e",
            "block_device_mappings": [],
            "capacity_reservation_specification": [],
            "cpu_options": [],
            "credit_specification": [],
            "default_version": 1,
            "description": "",
            "disable_api_stop": false,
            "disable_api_termination": false,
            "ebs_optimized": "",
            "elastic_gpu_specifications": [],
            "elastic_inference_accelerator": [],
            "enclave_options": [],
            "hibernation_options": [],
            "iam_instance_profile": [],
            "id": "lt-0794fc9f743322d2e",
            "image_id": "ami-0d44ac1ef7b3c0ce3",
            "instance_initiated_shutdown_behavior": "terminate",
            "instance_market_options": [],
            "instance_requirements": [],
            "instance_type": "t3.micro",
            "kernel_id": "",
            "key_name": "",
            "latest_version": 1,
            "license_specification": [],
            "maintenance_options": [],
            "metadata_options": [],
            "monitoring": [],
            "name": "roboshop-dev-user",
            "name_prefix": "",
            "network_interfaces": [],
            "placement": [],
            "private_dns_name_options": [],
            "ram_disk_id": "",
            "security_group_names": [],
            "tag_specifications": [
              {
                "resource_type": "instance",
                "tags": {
                  "Environment": "dev",
                  "Name": "roboshop-dev-user",
                  "Project": "roboshop",
                  "Terraform": "true"
                }
              },
              {
                "resource_type": "volume",
                "tags": {
                  "Environment": "dev",
                  "Name": "roboshop-dev-user",
                  "Project": "roboshop",
                  "Terraform": "true"
                }
              }
            ],
            "tags": {
              "Environment": "dev",
              "Name": "roboshop-dev-user",
              "Project": "roboshop",
              "Terraform": "true"
            },
            "tags_all": {
              "Environment": "dev",
              "Name": "roboshop-dev-user",
              "Project": "roboshop",
              "Terraform": "true"
            },
            "update_default_version": true,
            "user_data": "",
            "vpc_security_group_ids": [
              "sg-061b325e30ccd12ab"
            ]
          },
          "sensitive_attributes": [
            [
              {
                "type": "get_attr",
                "value": "vpc_security_group_ids"
              }
            ]
          ],
          "identity_schema_version": 0,
          "private": "bnVsbA==",
          "dependencies": [
            "module.component.aws_ami_from_instance.main",
            "module.component.aws_ec2_instance_state.main",
            "module.component.aws_instance.main",
            "module.component.data.aws_ami.joindevops",
            "module.component.data.aws_ssm_parameter.private_subnet_ids",
            "module.component.data.aws_ssm_parameter.sg_id",
            "module.component.terraform_data.main"
          ]
        }
      ]
    },
    {
      "module": "module.component[\"user\"]",
      "mode": "managed",
      "type": "aws_lb_listener_rule",
      "name": "main",
      "provider": "provider[\"registry.terraform.io/hashicorp/aws\"]",
      "instances": [
        {
          "schema_version": 0,
          "attributes": {
            "action": [
              {
                "authenticate_cognito": [],
                "authenticate_oidc": [],
                "fixed_response": [],
                "forward": [],
                "order": 1,
                "redirect": [],
                "target_group_arn": "arn:aws:elasticloadbalancing:us-east-1:975391191302:targetgroup/roboshop-dev-user/1103cbfbcc1e7128",
                "type": "forward"
              }
            ],
            "arn": "arn:aws:elasticloadbalancing:us-east-1:975391191302:listener-rule/app/roboshop-dev-backend-alb/bbb89e45fe55968b/b093b8e0c06a13d1/956a22bdf1270b91",
            "condition": [
              {
                "host_header": [
                  {
                    "values": [
                      "user.backend-dev.rameshaws.site"
                    ]
                  }
                ],
                "http_header": [],
                "http_request_method": [],
                "path_pattern": [],
                "query_string": [],
                "source_ip": []
              }
            ],
            "id": "arn:aws:elasticloadbalancing:us-east-1:975391191302:listener-rule/app/roboshop-dev-backend-alb/bbb89e45fe55968b/b093b8e0c06a13d1/956a22bdf1270b91",
            "listener_arn": "arn:aws:elasticloadbalancing:us-east-1:975391191302:listener/app/roboshop-dev-backend-alb/bbb89e45fe55968b/b093b8e0c06a13d1",
            "priority": 20,
            "tags": {},
            "tags_all": {}
          },
          "sensitive_attributes": [
            [
              {
                "type": "get_attr",
                "value": "listener_arn"
              }
            ]
          ],
          "identity_schema_version": 0,
          "private": "bnVsbA==",
          "dependencies": [
            "module.component.aws_lb_target_group.main",
            "module.component.data.aws_ssm_parameter.backend_alb_listener_arn",
            "module.component.data.aws_ssm_parameter.frontend_alb_listener_arn",
            "module.component.data.aws_ssm_parameter.vpc_id"
          ]
        }
      ]
    },
    {
      "module": "module.component[\"user\"]",
      "mode": "managed",
      "type": "aws_lb_target_group",
      "name": "main",
      "provider": "provider[\"registry.terraform.io/hashicorp/aws\"]",
      "instances": [
        {
          "schema_version": 0,
          "attributes": {
            "arn": "arn:aws:elasticloadbalancing:us-east-1:975391191302:targetgroup/roboshop-dev-user/1103cbfbcc1e7128",
            "arn_suffix": "targetgroup/roboshop-dev-user/1103cbfbcc1e7128",
            "connection_termination": null,
            "deregistration_delay": "120",
            "health_check": [
              {
                "enabled": true,
                "healthy_threshold": 2,
                "interval": 5,
                "matcher": "200-299",
                "path": "/health",
                "port": "8080",
                "protocol": "HTTP",
                "timeout": 2,
                "unhealthy_threshold": 3
              }
            ],
            "id": "arn:aws:elasticloadbalancing:us-east-1:975391191302:targetgroup/roboshop-dev-user/1103cbfbcc1e7128",
            "ip_address_type": "ipv4",
            "lambda_multi_value_headers_enabled": false,
            "load_balancer_arns": [
              "arn:aws:elasticloadbalancing:us-east-1:975391191302:loadbalancer/app/roboshop-dev-backend-alb/bbb89e45fe55968b"
            ],
            "load_balancing_algorithm_type": "round_robin",
            "load_balancing_anomaly_mitigation": "off",
            "load_balancing_cross_zone_enabled": "use_load_balancer_configuration",
            "name": "roboshop-dev-user",
            "name_prefix": "",
            "port": 8080,
            "preserve_client_ip": null,
            "protocol": "HTTP",
            "protocol_version": "HTTP1",
            "proxy_protocol_v2": false,
            "slow_start": 0,
            "stickiness": [
              {
                "cookie_duration": 86400,
                "cookie_name": "",
                "enabled": false,
                "type": "lb_cookie"
              }
            ],
            "tags": {},
            "tags_all": {},
            "target_failover": [
              {
                "on_deregistration": null,
                "on_unhealthy": null
              }
            ],
            "target_group_health": [
              {
                "dns_failover": [
                  {
                    "minimum_healthy_targets_count": "1",
                    "minimum_healthy_targets_percentage": "off"
                  }
                ],
                "unhealthy_state_routing": [
                  {
                    "minimum_healthy_targets_count": 1,
                    "minimum_healthy_targets_percentage": "off"
                  }
                ]
              }
            ],
            "target_health_state": [
              {
                "enable_unhealthy_connection_termination": null,
                "unhealthy_draining_interval": null
              }
            ],
            "target_type": "instance",
            "vpc_id": "vpc-03cddf8bef4310f2c"
          },
          "sensitive_attributes": [
            [
              {
                "type": "get_attr",
                "value": "vpc_id"
              }
            ]
          ],
          "identity_schema_version": 0,
          "private": "bnVsbA==",
          "dependencies": [
            "module.component.data.aws_ssm_parameter.vpc_id"
          ]
        }
      ]
    }
  ],
  "check_results": null
}
